
Microsoft Visual Studio Solution File, Format Version 12.00
# Visual Studio Version 17
VisualStudioVersion = 17.11.35201.85
MinimumVisualStudioVersion = 10.0.40219.1
Project("{FAE04EC0-301F-11D3-BF4B-00C04F79EFBC}") = "Todo.Api", "Todo.Api\Todo.Api.csproj", "{A1D44410-4A12-4AFE-A45B-83882C346350}"
EndProject
Project("{2150E333-8FDC-42A3-9474-1A3956D46DE8}") = "Solution Items", "Solution Items", "{D3CAE249-E6D1-4AE6-81FD-B30980A43929}"
	ProjectSection(SolutionItems) = preProject
		.env = .env
		Directory.Packages.props = Directory.Packages.props
		Nuget.config = Nuget.config
	EndProjectSection
EndProject
Project("{E53339B2-1760-4266-BCC7-CA923CBCF16C}") = "docker-compose", "docker-compose.dcproj", "{1B4C69EE-87D2-4A71-AE9F-D441226BC6A9}"
EndProject
Global
	GlobalSection(SolutionConfigurationPlatforms) = preSolution
		Debug|Any CPU = Debug|Any CPU
		Release|Any CPU = Release|Any CPU
	EndGlobalSection
	GlobalSection(ProjectConfigurationPlatforms) = postSolution
		{A1D44410-4A12-4AFE-A45B-83882C346350}.Debug|Any CPU.ActiveCfg = Debug|Any CPU
		{A1D44410-4A12-4AFE-A45B-83882C346350}.Debug|Any CPU.Build.0 = Debug|Any CPU
		{A1D44410-4A12-4AFE-A45B-83882C346350}.Release|Any CPU.ActiveCfg = Release|Any CPU
		{A1D44410-4A12-4AFE-A45B-83882C346350}.Release|Any CPU.Build.0 = Release|Any CPU
		{1B4C69EE-87D2-4A71-AE9F-D441226BC6A9}.Debug|Any CPU.ActiveCfg = Debug|Any CPU
		{1B4C69EE-87D2-4A71-AE9F-D441226BC6A9}.Debug|Any CPU.Build.0 = Debug|Any CPU
		{1B4C69EE-87D2-4A71-AE9F-D441226BC6A9}.Release|Any CPU.ActiveCfg = Release|Any CPU
		{1B4C69EE-87D2-4A71-AE9F-D441226BC6A9}.Release|Any CPU.Build.0 = Release|Any CPU
	EndGlobalSection
	GlobalSection(SolutionProperties) = preSolution
		HideSolutionNode = FALSE
	EndGlobalSection
	GlobalSection(ExtensibilityGlobals) = postSolution
		SolutionGuid = {70722250-58E3-4E1A-AAC5-B55CE450DD28}
	EndGlobalSection
EndGlobal
